// !$*UTF8*$!
{
	archiveVersion = 1;
	classes = {
	};
	objectVersion = 50;
	objects = {

/* Begin PBXBuildFile section */
		2DA5C55E2571B654002ED5A8 /* Op_SlotApp.swift in Sources */ = {isa = PBXBuildFile; fileRef = 2DA5C54B2571B653002ED5A8 /* Op_SlotApp.swift */; };
		2DA5C55F2571B654002ED5A8 /* Op_SlotApp.swift in Sources */ = {isa = PBXBuildFile; fileRef = 2DA5C54B2571B653002ED5A8 /* Op_SlotApp.swift */; };
		2DA5C5602571B654002ED5A8 /* ContentView.swift in Sources */ = {isa = PBXBuildFile; fileRef = 2DA5C54C2571B653002ED5A8 /* ContentView.swift */; };
		2DA5C5612571B654002ED5A8 /* ContentView.swift in Sources */ = {isa = PBXBuildFile; fileRef = 2DA5C54C2571B653002ED5A8 /* ContentView.swift */; };
		2DA5C5622571B654002ED5A8 /* Assets.xcassets in Resources */ = {isa = PBXBuildFile; fileRef = 2DA5C54D2571B654002ED5A8 /* Assets.xcassets */; };
		2DA5C5632571B654002ED5A8 /* Assets.xcassets in Resources */ = {isa = PBXBuildFile; fileRef = 2DA5C54D2571B654002ED5A8 /* Assets.xcassets */; };
		2DA5C5702571BB5E002ED5A8 /* PasswordsListView.swift in Sources */ = {isa = PBXBuildFile; fileRef = 2DA5C56F2571BB5E002ED5A8 /* PasswordsListView.swift */; };
/* End PBXBuildFile section */

/* Begin PBXFileReference section */
		2DA5C54B2571B653002ED5A8 /* Op_SlotApp.swift */ = {isa = PBXFileReference; lastKnownFileType = sourcecode.swift; path = Op_SlotApp.swift; sourceTree = "<group>"; };
		2DA5C54C2571B653002ED5A8 /* ContentView.swift */ = {isa = PBXFileReference; lastKnownFileType = sourcecode.swift; path = ContentView.swift; sourceTree = "<group>"; };
		2DA5C54D2571B654002ED5A8 /* Assets.xcassets */ = {isa = PBXFileReference; lastKnownFileType = folder.assetcatalog; path = Assets.xcassets; sourceTree = "<group>"; };
		2DA5C5522571B654002ED5A8 /* Op Slot.app */ = {isa = PBXFileReference; explicitFileType = wrapper.application; includeInIndex = 0; path = "Op Slot.app"; sourceTree = BUILT_PRODUCTS_DIR; };
		2DA5C5552571B654002ED5A8 /* Info.plist */ = {isa = PBXFileReference; lastKnownFileType = text.plist.xml; path = Info.plist; sourceTree = "<group>"; };
		2DA5C55A2571B654002ED5A8 /* Op Slot.app */ = {isa = PBXFileReference; explicitFileType = wrapper.application; includeInIndex = 0; path = "Op Slot.app"; sourceTree = BUILT_PRODUCTS_DIR; };
		2DA5C55C2571B654002ED5A8 /* Info.plist */ = {isa = PBXFileReference; lastKnownFileType = text.plist.xml; path = Info.plist; sourceTree = "<group>"; };
		2DA5C55D2571B654002ED5A8 /* macOS.entitlements */ = {isa = PBXFileReference; lastKnownFileType = text.plist.entitlements; path = macOS.entitlements; sourceTree = "<group>"; };
		2DA5C56F2571BB5E002ED5A8 /* PasswordsListView.swift */ = {isa = PBXFileReference; lastKnownFileType = sourcecode.swift; path = PasswordsListView.swift; sourceTree = "<group>"; };
/* End PBXFileReference section */

/* Begin PBXFrameworksBuildPhase section */
		2DA5C54F2571B654002ED5A8 /* Frameworks */ = {
			isa = PBXFrameworksBuildPhase;
			buildActionMask = 2147483647;
			files = (
			);
			runOnlyForDeploymentPostprocessing = 0;
		};
		2DA5C5572571B654002ED5A8 /* Frameworks */ = {
			isa = PBXFrameworksBuildPhase;
			buildActionMask = 2147483647;
			files = (
			);
			runOnlyForDeploymentPostprocessing = 0;
		};
/* End PBXFrameworksBuildPhase section */

/* Begin PBXGroup section */
		2DA5C5452571B652002ED5A8 = {
			isa = PBXGroup;
			children = (
				2DA5C54A2571B653002ED5A8 /* Shared */,
				2DA5C5542571B654002ED5A8 /* iOS */,
				2DA5C55B2571B654002ED5A8 /* macOS */,
				2DA5C5532571B654002ED5A8 /* Products */,
			);
			sourceTree = "<group>";
		};
		2DA5C54A2571B653002ED5A8 /* Shared */ = {
			isa = PBXGroup;
			children = (
				2DA5C56E2571BB4A002ED5A8 /* Views */,
				2DA5C54B2571B653002ED5A8 /* Op_SlotApp.swift */,
				2DA5C54C2571B653002ED5A8 /* ContentView.swift */,
				2DA5C54D2571B654002ED5A8 /* Assets.xcassets */,
			);
			path = Shared;
			sourceTree = "<group>";
		};
		2DA5C5532571B654002ED5A8 /* Products */ = {
			isa = PBXGroup;
			children = (
				2DA5C5522571B654002ED5A8 /* Op Slot.app */,
				2DA5C55A2571B654002ED5A8 /* Op Slot.app */,
			);
			name = Products;
			sourceTree = "<group>";
		};
		2DA5C5542571B654002ED5A8 /* iOS */ = {
			isa = PBXGroup;
			children = (
				2DA5C5552571B654002ED5A8 /* Info.plist */,
			);
			path = iOS;
			sourceTree = "<group>";
		};
		2DA5C55B2571B654002ED5A8 /* macOS */ = {
			isa = PBXGroup;
			children = (
				2DA5C55C2571B654002ED5A8 /* Info.plist */,
				2DA5C55D2571B654002ED5A8 /* macOS.entitlements */,
			);
			path = macOS;
			sourceTree = "<group>";
		};
		2DA5C56E2571BB4A002ED5A8 /* Views */ = {
			isa = PBXGroup;
			children = (
				2DA5C56F2571BB5E002ED5A8 /* PasswordsListView.swift */,
			);
			path = Views;
			sourceTree = "<group>";
		};
/* End PBXGroup section */

/* Begin PBXNativeTarget section */
		2DA5C5512571B654002ED5A8 /* Op Slot (iOS) */ = {
			isa = PBXNativeTarget;
			buildConfigurationList = 2DA5C5662571B654002ED5A8 /* Build configuration list for PBXNativeTarget "Op Slot (iOS)" */;
			buildPhases = (
				2DA5C54E2571B654002ED5A8 /* Sources */,
				2DA5C54F2571B654002ED5A8 /* Frameworks */,
				2DA5C5502571B654002ED5A8 /* Resources */,
			);
			buildRules = (
			);
			dependencies = (
			);
			name = "Op Slot (iOS)";
			productName = "Op Slot (iOS)";
			productReference = 2DA5C5522571B654002ED5A8 /* Op Slot.app */;
			productType = "com.apple.product-type.application";
		};
		2DA5C5592571B654002ED5A8 /* Op Slot (macOS) */ = {
			isa = PBXNativeTarget;
			buildConfigurationList = 2DA5C5692571B654002ED5A8 /* Build configuration list for PBXNativeTarget "Op Slot (macOS)" */;
			buildPhases = (
				2DA5C5562571B654002ED5A8 /* Sources */,
				2DA5C5572571B654002ED5A8 /* Frameworks */,
				2DA5C5582571B654002ED5A8 /* Resources */,
			);
			buildRules = (
			);
			dependencies = (
			);
			name = "Op Slot (macOS)";
			productName = "Op Slot (macOS)";
			productReference = 2DA5C55A2571B654002ED5A8 /* Op Slot.app */;
			productType = "com.apple.product-type.application";
		};
/* End PBXNativeTarget section */

/* Begin PBXProject section */
		2DA5C5462571B652002ED5A8 /* Project object */ = {
			isa = PBXProject;
			attributes = {
				LastSwiftUpdateCheck = 1220;
				LastUpgradeCheck = 1220;
				TargetAttributes = {
					2DA5C5512571B654002ED5A8 = {
						CreatedOnToolsVersion = 12.2;
					};
					2DA5C5592571B654002ED5A8 = {
						CreatedOnToolsVersion = 12.2;
					};
				};
			};
			buildConfigurationList = 2DA5C5492571B652002ED5A8 /* Build configuration list for PBXProject "Op Slot" */;
			compatibilityVersion = "Xcode 9.3";
			developmentRegion = en;
			hasScannedForEncodings = 0;
			knownRegions = (
				en,
				Base,
			);
			mainGroup = 2DA5C5452571B652002ED5A8;
			productRefGroup = 2DA5C5532571B654002ED5A8 /* Products */;
			projectDirPath = "";
			projectRoot = "";
			targets = (
				2DA5C5512571B654002ED5A8 /* Op Slot (iOS) */,
				2DA5C5592571B654002ED5A8 /* Op Slot (macOS) */,
			);
		};
/* End PBXProject section */

/* Begin PBXResourcesBuildPhase section */
		2DA5C5502571B654002ED5A8 /* Resources */ = {
			isa = PBXResourcesBuildPhase;
			buildActionMask = 2147483647;
			files = (
				2DA5C5622571B654002ED5A8 /* Assets.xcassets in Resources */,
			);
			runOnlyForDeploymentPostprocessing = 0;
		};
		2DA5C5582571B654002ED5A8 /* Resources */ = {
			isa = PBXResourcesBuildPhase;
			buildActionMask = 2147483647;
			files = (
				2DA5C5632571B654002ED5A8 /* Assets.xcassets in Resources */,
			);
			runOnlyForDeploymentPostprocessing = 0;
		};
/* End PBXResourcesBuildPhase section */

/* Begin PBXSourcesBuildPhase section */
		2DA5C54E2571B654002ED5A8 /* Sources */ = {
			isa = PBXSourcesBuildPhase;
			buildActionMask = 2147483647;
			files = (
				2DA5C5602571B654002ED5A8 /* ContentView.swift in Sources */,
				2DA5C5702571BB5E002ED5A8 /* PasswordsListView.swift in Sources */,
				2DA5C55E2571B654002ED5A8 /* Op_SlotApp.swift in Sources */,
			);
			runOnlyForDeploymentPostprocessing = 0;
		};
		2DA5C5562571B654002ED5A8 /* Sources */ = {
			isa = PBXSourcesBuildPhase;
			buildActionMask = 2147483647;
			files = (
				2DA5C5612571B654002ED5A8 /* ContentView.swift in Sources */,
				2DA5C55F2571B654002ED5A8 /* Op_SlotApp.swift in Sources */,
			);
			runOnlyForDeploymentPostprocessing = 0;
		};
/* End PBXSourcesBuildPhase section */

/* Begin XCBuildConfiguration section */
		2DA5C5642571B654002ED5A8 /* Debug */ = {
			isa = XCBuildConfiguration;
			buildSettings = {
				ALWAYS_SEARCH_USER_PATHS = NO;
				CLANG_ANALYZER_NONNULL = YES;
				CLANG_ANALYZER_NUMBER_OBJECT_CONVERSION = YES_AGGRESSIVE;
				CLANG_CXX_LANGUAGE_STANDARD = "gnu++14";
				CLANG_CXX_LIBRARY = "libc++";
				CLANG_ENABLE_MODULES = YES;
				CLANG_ENABLE_OBJC_ARC = YES;
				CLANG_ENABLE_OBJC_WEAK = YES;
				CLANG_WARN_BLOCK_CAPTURE_AUTORELEASING = YES;
				CLANG_WARN_BOOL_CONVERSION = YES;
				CLANG_WARN_COMMA = YES;
				CLANG_WARN_CONSTANT_CONVERSION = YES;
				CLANG_WARN_DEPRECATED_OBJC_IMPLEMENTATIONS = YES;
				CLANG_WARN_DIRECT_OBJC_ISA_USAGE = YES_ERROR;
				CLANG_WARN_DOCUMENTATION_COMMENTS = YES;
				CLANG_WARN_EMPTY_BODY = YES;
				CLANG_WARN_ENUM_CONVERSION = YES;
				CLANG_WARN_INFINITE_RECURSION = YES;
				CLANG_WARN_INT_CONVERSION = YES;
				CLANG_WARN_NON_LITERAL_NULL_CONVERSION = YES;
				CLANG_WARN_OBJC_IMPLICIT_RETAIN_SELF = YES;
				CLANG_WARN_OBJC_LITERAL_CONVERSION = YES;
				CLANG_WARN_OBJC_ROOT_CLASS = YES_ERROR;
				CLANG_WARN_QUOTED_INCLUDE_IN_FRAMEWORK_HEADER = YES;
				CLANG_WARN_RANGE_LOOP_ANALYSIS = YES;
				CLANG_WARN_STRICT_PROTOTYPES = YES;
				CLANG_WARN_SUSPICIOUS_MOVE = YES;
				CLANG_WARN_UNGUARDED_AVAILABILITY = YES_AGGRESSIVE;
				CLANG_WARN_UNREACHABLE_CODE = YES;
				CLANG_WARN__DUPLICATE_METHOD_MATCH = YES;
				COPY_PHASE_STRIP = NO;
				DEBUG_INFORMATION_FORMAT = dwarf;
				ENABLE_STRICT_OBJC_MSGSEND = YES;
				ENABLE_TESTABILITY = YES;
				GCC_C_LANGUAGE_STANDARD = gnu11;
				GCC_DYNAMIC_NO_PIC = NO;
				GCC_NO_COMMON_BLOCKS = YES;
				GCC_OPTIMIZATION_LEVEL = 0;
				GCC_PREPROCESSOR_DEFINITIONS = (
					"DEBUG=1",
					"$(inherited)",
				);
				GCC_WARN_64_TO_32_BIT_CONVERSION = YES;
				GCC_WARN_ABOUT_RETURN_TYPE = YES_ERROR;
				GCC_WARN_UNDECLARED_SELECTOR = YES;
				GCC_WARN_UNINITIALIZED_AUTOS = YES_AGGRESSIVE;
				GCC_WARN_UNUSED_FUNCTION = YES;
				GCC_WARN_UNUSED_VARIABLE = YES;
				MTL_ENABLE_DEBUG_INFO = INCLUDE_SOURCE;
				MTL_FAST_MATH = YES;
				ONLY_ACTIVE_ARCH = YES;
				SWIFT_ACTIVE_COMPILATION_CONDITIONS = DEBUG;
				SWIFT_OPTIMIZATION_LEVEL = "-Onone";
			};
			name = Debug;
		};
		2DA5C5652571B654002ED5A8 /* Release */ = {
			isa = XCBuildConfiguration;
			buildSettings = {
				ALWAYS_SEARCH_USER_PATHS = NO;
				CLANG_ANALYZER_NONNULL = YES;
				CLANG_ANALYZER_NUMBER_OBJECT_CONVERSION = YES_AGGRESSIVE;
				CLANG_CXX_LANGUAGE_STANDARD = "gnu++14";
				CLANG_CXX_LIBRARY = "libc++";
				CLANG_ENABLE_MODULES = YES;
				CLANG_ENABLE_OBJC_ARC = YES;
				CLANG_ENABLE_OBJC_WEAK = YES;
				CLANG_WARN_BLOCK_CAPTURE_AUTORELEASING = YES;
				CLANG_WARN_BOOL_CONVERSION = YES;
				CLANG_WARN_COMMA = YES;
				CLANG_WARN_CONSTANT_CONVERSION = YES;
				CLANG_WARN_DEPRECATED_OBJC_IMPLEMENTATIONS = YES;
				CLANG_WARN_DIRECT_OBJC_ISA_USAGE = YES_ERROR;
				CLANG_WARN_DOCUMENTATION_COMMENTS = YES;
				CLANG_WARN_EMPTY_BODY = YES;
				CLANG_WARN_ENUM_CONVERSION = YES;
				CLANG_WARN_INFINITE_RECURSION = YES;
				CLANG_WARN_INT_CONVERSION = YES;
				CLANG_WARN_NON_LITERAL_NULL_CONVERSION = YES;
				CLANG_WARN_OBJC_IMPLICIT_RETAIN_SELF = YES;
				CLANG_WARN_OBJC_LITERAL_CONVERSION = YES;
				CLANG_WARN_OBJC_ROOT_CLASS = YES_ERROR;
				CLANG_WARN_QUOTED_INCLUDE_IN_FRAMEWORK_HEADER = YES;
				CLANG_WARN_RANGE_LOOP_ANALYSIS = YES;
				CLANG_WARN_STRICT_PROTOTYPES = YES;
				CLANG_WARN_SUSPICIOUS_MOVE = YES;
				CLANG_WARN_UNGUARDED_AVAILABILITY = YES_AGGRESSIVE;
				CLANG_WARN_UNREACHABLE_CODE = YES;
				CLANG_WARN__DUPLICATE_METHOD_MATCH = YES;
				COPY_PHASE_STRIP = NO;
				DEBUG_INFORMATION_FORMAT = "dwarf-with-dsym";
				ENABLE_NS_ASSERTIONS = NO;
				ENABLE_STRICT_OBJC_MSGSEND = YES;
				GCC_C_LANGUAGE_STANDARD = gnu11;
				GCC_NO_COMMON_BLOCKS = YES;
				GCC_WARN_64_TO_32_BIT_CONVERSION = YES;
				GCC_WARN_ABOUT_RETURN_TYPE = YES_ERROR;
				GCC_WARN_UNDECLARED_SELECTOR = YES;
				GCC_WARN_UNINITIALIZED_AUTOS = YES_AGGRESSIVE;
				GCC_WARN_UNUSED_FUNCTION = YES;
				GCC_WARN_UNUSED_VARIABLE = YES;
				MTL_ENABLE_DEBUG_INFO = NO;
				MTL_FAST_MATH = YES;
				SWIFT_COMPILATION_MODE = wholemodule;
				SWIFT_OPTIMIZATION_LEVEL = "-O";
			};
			name = Release;
		};
		2DA5C5672571B654002ED5A8 /* Debug */ = {
			isa = XCBuildConfiguration;
			buildSettings = {
				ASSETCATALOG_COMPILER_APPICON_NAME = AppIcon;
				ASSETCATALOG_COMPILER_GLOBAL_ACCENT_COLOR_NAME = AccentColor;
				CODE_SIGN_STYLE = Automatic;
				DEVELOPMENT_TEAM = Z474VVMBQ5;
				ENABLE_PREVIEWS = YES;
				INFOPLIST_FILE = iOS/Info.plist;
				IPHONEOS_DEPLOYMENT_TARGET = 14.0;
				LD_RUNPATH_SEARCH_PATHS = (
					"$(inherited)",
					"@executable_path/Frameworks",
				);
				PRODUCT_BUNDLE_IDENTIFIER = "com.baswilson.Op-Slot";
				PRODUCT_NAME = "Op Slot";
				SDKROOT = iphoneos;
				SWIFT_VERSION = 5.0;
				TARGETED_DEVICE_FAMILY = "1,2";
			};
			name = Debug;
		};
		2DA5C5682571B654002ED5A8 /* Release */ = {
			isa = XCBuildConfiguration;
			buildSettings = {
				ASSETCATALOG_COMPILER_APPICON_NAME = AppIcon;
				ASSETCATALOG_COMPILER_GLOBAL_ACCENT_COLOR_NAME = AccentColor;
				CODE_SIGN_STYLE = Automatic;
				DEVELOPMENT_TEAM = Z474VVMBQ5;
				ENABLE_PREVIEWS = YES;
				INFOPLIST_FILE = iOS/Info.plist;
				IPHONEOS_DEPLOYMENT_TARGET = 14.0;
				LD_RUNPATH_SEARCH_PATHS = (
					"$(inherited)",
					"@executable_path/Frameworks",
				);
				PRODUCT_BUNDLE_IDENTIFIER = "com.baswilson.Op-Slot";
				PRODUCT_NAME = "Op Slot";
				SDKROOT = iphoneos;
				SWIFT_VERSION = 5.0;
				TARGETED_DEVICE_FAMILY = "1,2";
				VALIDATE_PRODUCT = YES;
			};
			name = Release;
		};
		2DA5C56A2571B654002ED5A8 /* Debug */ = {
			isa = XCBuildConfiguration;
			buildSettings = {
				ASSETCATALOG_COMPILER_APPICON_NAME = AppIcon;
				ASSETCATALOG_COMPILER_GLOBAL_ACCENT_COLOR_NAME = AccentColor;
				CODE_SIGN_ENTITLEMENTS = macOS/macOS.entitlements;
				CODE_SIGN_STYLE = Automatic;
				COMBINE_HIDPI_IMAGES = YES;
				DEVELOPMENT_TEAM = Z474VVMBQ5;
				ENABLE_HARDENED_RUNTIME = YES;
				ENABLE_PREVIEWS = YES;
				INFOPLIST_FILE = macOS/Info.plist;
				LD_RUNPATH_SEARCH_PATHS = (
					"$(inherited)",
					"@executable_path/../Frameworks",
				);
				MACOSX_DEPLOYMENT_TARGET = 11.0;
				PRODUCT_BUNDLE_IDENTIFIER = "com.baswilson.Op-Slot";
				PRODUCT_NAME = "Op Slot";
				SDKROOT = macosx;
				SWIFT_VERSION = 5.0;
			};
			name = Debug;
		};
		2DA5C56B2571B654002ED5A8 /* Release */ = {
			isa = XCBuildConfiguration;
			buildSettings = {
				ASSETCATALOG_COMPILER_APPICON_NAME = AppIcon;
				ASSETCATALOG_COMPILER_GLOBAL_ACCENT_COLOR_NAME = AccentColor;
				CODE_SIGN_ENTITLEMENTS = macOS/macOS.entitlements;
				CODE_SIGN_STYLE = Automatic;
				COMBINE_HIDPI_IMAGES = YES;
				DEVELOPMENT_TEAM = Z474VVMBQ5;
				ENABLE_HARDENED_RUNTIME = YES;
				ENABLE_PREVIEWS = YES;
				INFOPLIST_FILE = macOS/Info.plist;
				LD_RUNPATH_SEARCH_PATHS = (
					"$(inherited)",
					"@executable_path/../Frameworks",
				);
				MACOSX_DEPLOYMENT_TARGET = 11.0;
				PRODUCT_BUNDLE_IDENTIFIER = "com.baswilson.Op-Slot";
				PRODUCT_NAME = "Op Slot";
				SDKROOT = macosx;
				SWIFT_VERSION = 5.0;
			};
			name = Release;
		};
/* End XCBuildConfiguration section */

/* Begin XCConfigurationList section */
		2DA5C5492571B652002ED5A8 /* Build configuration list for PBXProject "Op Slot" */ = {
			isa = XCConfigurationList;
			buildConfigurations = (
				2DA5C5642571B654002ED5A8 /* Debug */,
				2DA5C5652571B654002ED5A8 /* Release */,
			);
			defaultConfigurationIsVisible = 0;
			defaultConfigurationName = Release;
		};
		2DA5C5662571B654002ED5A8 /* Build configuration list for PBXNativeTarget "Op Slot (iOS)" */ = {
			isa = XCConfigurationList;
			buildConfigurations = (
				2DA5C5672571B654002ED5A8 /* Debug */,
				2DA5C5682571B654002ED5A8 /* Release */,
			);
			defaultConfigurationIsVisible = 0;
			defaultConfigurationName = Release;
		};
		2DA5C5692571B654002ED5A8 /* Build configuration list for PBXNativeTarget "Op Slot (macOS)" */ = {
			isa = XCConfigurationList;
			buildConfigurations = (
				2DA5C56A2571B654002ED5A8 /* Debug */,
				2DA5C56B2571B654002ED5A8 /* Release */,
			);
			defaultConfigurationIsVisible = 0;
			defaultConfigurationName = Release;
		};
/* End XCConfigurationList section */
	};
	rootObject = 2DA5C5462571B652002ED5A8 /* Project object */;
}
